PODS:
  - HPCustomAlertController (0.1.0):
    - SnapKit
    - SnapkitArrayExtention
  - SnapKit (4.2.0)
  - SnapkitArrayExtention (0.1.3):
    - SnapKit

DEPENDENCIES:
  - HPCustomAlertController (from `../`)

SPEC REPOS:
  https://github.com/cocoapods/specs.git:
    - SnapKit
    - SnapkitArrayExtention

EXTERNAL SOURCES:
  HPCustomAlertController:
    :path: "../"

SPEC CHECKSUMS:
  HPCustomAlertController: 129ca6985afad1d15ac808b27e487144bf40467b
  SnapKit: fe8a619752f3f27075cc9a90244d75c6c3f27e2a
  SnapkitArrayExtention: 0b90388690f5c1bddf75c421eac25ce291bfa1e9

PODFILE CHECKSUM: 1111123ba9ee6c729a3b365763ee26f19f91ddc6

COCOAPODS: 1.6.1
